{
  "name": "create-armangrewal007-app",
  "version": "1.0.0",
  "lockfileVersion": 3,
  "requires": true,
  "packages": {
    "": {
      "name": "create-armangrewal007-app",
      "version": "1.0.0",
      "license": "ISC",
      "bin": {
        "create-armangrewal007-app": "index.js"
      }
    }
  }
}
